<?xml version="1.0" encoding="utf-8"?>
<Project ToolsVersion="4.0" xmlns="http://schemas.microsoft.com/developer/msbuild/2003">
  <ItemGroup>
    <Filter Include="Source Files">
      <UniqueIdentifier>{4FC737F1-C7A5-4376-A066-2A32D752A2FF}</UniqueIdentifier>
      <Extensions>cpp;c;cc;cxx;c++;cppm;ixx;def;odl;idl;hpj;bat;asm;asmx</Extensions>
    </Filter>
    <Filter Include="Header Files">
      <UniqueIdentifier>{93995380-89BD-4b04-88EB-625FBE52EBFB}</UniqueIdentifier>
      <Extensions>h;hh;hpp;hxx;h++;hm;inl;inc;ipp;xsd</Extensions>
    </Filter>
    <Filter Include="Resource Files">
      <UniqueIdentifier>{67DA6AB6-F800-4c08-8B7A-83BB121AAD01}</UniqueIdentifier>
      <Extensions>rc;ico;cur;bmp;dlg;rc2;rct;bin;rgs;gif;jpg;jpeg;jpe;resx;tiff;tif;png;wav;mfcribbon-ms</Extensions>
    </Filter>
    <Filter Include="Header Files\Componets">
      <UniqueIdentifier>{7c0772fa-0345-44a1-89e8-4c2c6260abfc}</UniqueIdentifier>
    </Filter>
    <Filter Include="Header Files\Graphics">
      <UniqueIdentifier>{b57862c1-be8d-4ec4-bb50-5076628a4abd}</UniqueIdentifier>
    </Filter>
    <Filter Include="Header Files\Componets\Utility">
      <UniqueIdentifier>{c4d70138-1322-4d16-98d0-fd414303d141}</UniqueIdentifier>
    </Filter>
    <Filter Include="Source Files\Components">
      <UniqueIdentifier>{1841de50-a74a-42f7-bf46-baabdd618d40}</UniqueIdentifier>
    </Filter>
    <Filter Include="Source Files\Components\Utility">
      <UniqueIdentifier>{2ddc5d9b-1003-4de7-b1c5-f106c40494f4}</UniqueIdentifier>
    </Filter>
    <Filter Include="Header Files\Componets\Rendering">
      <UniqueIdentifier>{2d335ce0-7110-42cb-979a-808a4223a1bc}</UniqueIdentifier>
    </Filter>
    <Filter Include="Source Files\Components\Rendering">
      <UniqueIdentifier>{5ccf7509-9fb6-4af4-ad8c-a49a96799743}</UniqueIdentifier>
    </Filter>
    <Filter Include="Source Files\Graphics">
      <UniqueIdentifier>{5ea387ae-deef-47ad-9018-1025d105e6f3}</UniqueIdentifier>
    </Filter>
    <Filter Include="Source Files\Utility">
      <UniqueIdentifier>{ac7036b0-fc64-4369-a058-416f080e1670}</UniqueIdentifier>
    </Filter>
    <Filter Include="Header Files\Utility">
      <UniqueIdentifier>{02eb6b53-e9f2-46a3-bd3a-a127b57ada32}</UniqueIdentifier>
    </Filter>
    <Filter Include="Header Files\Utility\Camera">
      <UniqueIdentifier>{8773e650-8c2c-4deb-ace9-3335d3f3f4f7}</UniqueIdentifier>
    </Filter>
    <Filter Include="Source Files\Utility\Camera">
      <UniqueIdentifier>{267f608a-9d8b-48f0-9fc9-98fba968cecc}</UniqueIdentifier>
    </Filter>
    <Filter Include="Header Files\Componets\Gameplay">
      <UniqueIdentifier>{928f8ab1-7726-45fe-a45e-c5c706266e0c}</UniqueIdentifier>
    </Filter>
    <Filter Include="Source Files\Components\Gameplay">
      <UniqueIdentifier>{71d83ef7-01ab-4583-a50a-938597354073}</UniqueIdentifier>
    </Filter>
    <Filter Include="Header Files\SpecialTypes">
      <UniqueIdentifier>{acac3c8d-c413-483d-b578-c78ccdea490e}</UniqueIdentifier>
    </Filter>
    <Filter Include="Source Files\Utility\Gameplay">
      <UniqueIdentifier>{3485c611-608a-49b4-ac3b-0ce927d0e465}</UniqueIdentifier>
    </Filter>
    <Filter Include="Header Files\Utility\Gameplay">
      <UniqueIdentifier>{4898175c-df3d-4ca5-bdb1-4efe94967bac}</UniqueIdentifier>
    </Filter>
    <Filter Include="Header Files\Utility\GameObject">
      <UniqueIdentifier>{9ab71a67-ee9e-4025-ad3c-fc8c143ec0fa}</UniqueIdentifier>
    </Filter>
    <Filter Include="Source Files\Utility\GameObject">
      <UniqueIdentifier>{d1af5154-1dc6-4578-979d-ad46105eed38}</UniqueIdentifier>
    </Filter>
    <Filter Include="Header Files\Graphics\UI">
      <UniqueIdentifier>{c8b84dd6-2c1a-4b3c-9a1c-cb7b95fbe01a}</UniqueIdentifier>
    </Filter>
    <Filter Include="Source Files\Graphics\UI">
      <UniqueIdentifier>{d108fc7f-5794-421b-b6e7-e7d71c514250}</UniqueIdentifier>
    </Filter>
    <Filter Include="Source Files\SpecialTypes">
      <UniqueIdentifier>{e6b3e4e2-fb4f-4468-85bd-b1c17ab03903}</UniqueIdentifier>
    </Filter>
    <Filter Include="Header Files\SpecialTypes\Dictionary">
      <UniqueIdentifier>{1a9b150d-fd11-41f0-9042-319621bdd077}</UniqueIdentifier>
    </Filter>
    <Filter Include="Header Files\SpecialTypes\UI">
      <UniqueIdentifier>{8d5f133f-1c39-4e75-ba5c-ea3aef815068}</UniqueIdentifier>
    </Filter>
    <Filter Include="Source Files\SpecialTypes\Dictionary">
      <UniqueIdentifier>{c765d270-0f6e-4854-84c7-1c382d21cab9}</UniqueIdentifier>
    </Filter>
    <Filter Include="Source Files\Components\Buttons">
      <UniqueIdentifier>{f354d043-9f95-4149-8603-c9d50a128fee}</UniqueIdentifier>
    </Filter>
    <Filter Include="Header Files\Componets\Buttons">
      <UniqueIdentifier>{24bc044c-6708-4d11-aa02-ada88be77e6f}</UniqueIdentifier>
    </Filter>
  </ItemGroup>
  <ItemGroup>
    <ClCompile Include="Main.cpp">
      <Filter>Source Files</Filter>
    </ClCompile>
    <ClCompile Include="Component.cpp">
      <Filter>Source Files\Components</Filter>
    </ClCompile>
    <ClCompile Include="Transform.cpp">
      <Filter>Source Files\Components\Utility</Filter>
    </ClCompile>
    <ClCompile Include="CubeRenderer.cpp">
      <Filter>Source Files\Components\Rendering</Filter>
    </ClCompile>
    <ClCompile Include="SphereRenderer.cpp">
      <Filter>Source Files\Components\Rendering</Filter>
    </ClCompile>
    <ClCompile Include="ConeRenderer.cpp">
      <Filter>Source Files\Components\Rendering</Filter>
    </ClCompile>
    <ClCompile Include="MeshRenderer.cpp">
      <Filter>Source Files\Components\Rendering</Filter>
    </ClCompile>
    <ClCompile Include="Mesh.cpp">
      <Filter>Source Files\Graphics</Filter>
    </ClCompile>
    <ClCompile Include="Material.cpp">
      <Filter>Source Files\Graphics</Filter>
    </ClCompile>
    <ClCompile Include="Texture.cpp">
      <Filter>Source Files\Graphics</Filter>
    </ClCompile>
    <ClCompile Include="Time.cpp">
      <Filter>Source Files\Utility</Filter>
    </ClCompile>
    <ClCompile Include="Input.cpp">
      <Filter>Source Files\Utility</Filter>
    </ClCompile>
    <ClCompile Include="CameraController.cpp">
      <Filter>Source Files\Components\Utility</Filter>
    </ClCompile>
    <ClCompile Include="CameraMatrix.h">
      <Filter>Header Files\Utility\Camera</Filter>
    </ClCompile>
    <ClCompile Include="Camera.cpp">
      <Filter>Source Files\Utility\Camera</Filter>
    </ClCompile>
    <ClCompile Include="Machine.cpp">
      <Filter>Source Files\Components\Gameplay</Filter>
    </ClCompile>
    <ClCompile Include="Player.cpp">
      <Filter>Source Files\Components\Gameplay</Filter>
    </ClCompile>
    <ClCompile Include="Product.cpp">
      <Filter>Source Files\Components\Gameplay</Filter>
    </ClCompile>
    <ClCompile Include="WorldGrid.cpp">
      <Filter>Source Files\Utility\Gameplay</Filter>
    </ClCompile>
    <ClCompile Include="CraftingRecipe.cpp">
      <Filter>Source Files\Utility\Gameplay</Filter>
    </ClCompile>
    <ClCompile Include="Game.cpp">
      <Filter>Source Files\Utility</Filter>
    </ClCompile>
    <ClCompile Include="Prefabs.cpp">
      <Filter>Source Files\Utility\GameObject</Filter>
    </ClCompile>
    <ClCompile Include="GameObject.cpp">
      <Filter>Source Files\Utility\GameObject</Filter>
    </ClCompile>
    <ClCompile Include="TextRenderer.cpp">
      <Filter>Source Files\Components\Rendering</Filter>
    </ClCompile>
    <ClCompile Include="CashManager.cpp">
      <Filter>Source Files\Graphics\UI</Filter>
    </ClCompile>
    <ClCompile Include="Sprite.cpp">
      <Filter>Source Files\Graphics\UI</Filter>
    </ClCompile>
    <ClCompile Include="ProductOnConveyor.cpp">
      <Filter>Source Files\Components\Gameplay</Filter>
    </ClCompile>
    <ClCompile Include="AudioManager.cpp">
      <Filter>Source Files\Utility</Filter>
    </ClCompile>
    <ClCompile Include="Scene.cpp">
      <Filter>Source Files\Utility</Filter>
    </ClCompile>
    <ClCompile Include="DictionaryItem.cpp">
      <Filter>Source Files\SpecialTypes\Dictionary</Filter>
    </ClCompile>
    <ClCompile Include="Dictionary.cpp">
      <Filter>Source Files\SpecialTypes\Dictionary</Filter>
    </ClCompile>
    <ClCompile Include="UIObject.cpp">
      <Filter>Source Files\Utility\GameObject</Filter>
    </ClCompile>
    <ClCompile Include="Window.cpp">
      <Filter>Source Files\Graphics</Filter>
    </ClCompile>
    <ClCompile Include="Button.cpp">
      <Filter>Source Files\Components\Buttons</Filter>
    </ClCompile>
    <ClCompile Include="StartButton.cpp">
      <Filter>Source Files\Components\Buttons</Filter>
    </ClCompile>
    <ClCompile Include="QuitButton.cpp">
      <Filter>Source Files\Components\Buttons</Filter>
    </ClCompile>
  </ItemGroup>
  <ItemGroup>
    <ClInclude Include="Component.h">
      <Filter>Header Files\Componets</Filter>
    </ClInclude>
    <ClInclude Include="Texture.h">
      <Filter>Header Files\Graphics</Filter>
    </ClInclude>
    <ClInclude Include="Mesh.h">
      <Filter>Header Files\Graphics</Filter>
    </ClInclude>
    <ClInclude Include="Material.h">
      <Filter>Header Files\Graphics</Filter>
    </ClInclude>
    <ClInclude Include="Transform.h">
      <Filter>Header Files\Componets\Utility</Filter>
    </ClInclude>
    <ClInclude Include="CubeRenderer.h">
      <Filter>Header Files\Componets\Rendering</Filter>
    </ClInclude>
    <ClInclude Include="SphereRenderer.h">
      <Filter>Header Files\Componets\Rendering</Filter>
    </ClInclude>
    <ClInclude Include="ConeRenderer.h">
      <Filter>Header Files\Componets\Rendering</Filter>
    </ClInclude>
    <ClInclude Include="MeshRenderer.h">
      <Filter>Header Files\Componets\Rendering</Filter>
    </ClInclude>
    <ClInclude Include="Time.h">
      <Filter>Header Files\Utility</Filter>
    </ClInclude>
    <ClInclude Include="Input.h">
      <Filter>Header Files\Utility</Filter>
    </ClInclude>
    <ClInclude Include="Vertex.h">
      <Filter>Header Files\Graphics</Filter>
    </ClInclude>
    <ClInclude Include="CameraController.h">
      <Filter>Header Files\Componets\Utility</Filter>
    </ClInclude>
    <ClInclude Include="Camera.h">
      <Filter>Header Files\Utility\Camera</Filter>
    </ClInclude>
    <ClInclude Include="Machine.h">
      <Filter>Header Files\Componets\Gameplay</Filter>
    </ClInclude>
    <ClInclude Include="Player.h">
      <Filter>Header Files\Componets\Gameplay</Filter>
    </ClInclude>
    <ClInclude Include="Product.h">
      <Filter>Header Files\Componets\Gameplay</Filter>
    </ClInclude>
    <ClInclude Include="ProductType.h">
      <Filter>Header Files\SpecialTypes</Filter>
    </ClInclude>
    <ClInclude Include="CraftingRecipe.h">
      <Filter>Header Files\Utility\Gameplay</Filter>
    </ClInclude>
    <ClInclude Include="WorldGrid.h">
      <Filter>Header Files\Utility\Gameplay</Filter>
    </ClInclude>
    <ClInclude Include="Game.h">
      <Filter>Header Files\Utility</Filter>
    </ClInclude>
    <ClInclude Include="GameObject.h">
      <Filter>Header Files\Utility\GameObject</Filter>
    </ClInclude>
    <ClInclude Include="Prefabs.h">
      <Filter>Header Files\Utility\GameObject</Filter>
    </ClInclude>
    <ClInclude Include="TextRenderer.h">
      <Filter>Header Files\Componets\Rendering</Filter>
    </ClInclude>
    <ClInclude Include="Direction.h">
      <Filter>Header Files\SpecialTypes</Filter>
    </ClInclude>
    <ClInclude Include="Sprite.h">
      <Filter>Header Files\Graphics\UI</Filter>
    </ClInclude>
    <ClInclude Include="CashManager.h">
      <Filter>Header Files\Graphics\UI</Filter>
    </ClInclude>
    <ClInclude Include="ProductOnConveyor.h">
      <Filter>Header Files\Componets\Gameplay</Filter>
    </ClInclude>
    <ClInclude Include="AudioManager.h">
      <Filter>Header Files\Utility</Filter>
    </ClInclude>
    <ClInclude Include="Scene.h">
      <Filter>Header Files\Utility</Filter>
    </ClInclude>
    <ClInclude Include="Dictionary.h">
      <Filter>Header Files\SpecialTypes\Dictionary</Filter>
    </ClInclude>
    <ClInclude Include="DictionaryItem.h">
      <Filter>Header Files\SpecialTypes\Dictionary</Filter>
    </ClInclude>
    <ClInclude Include="ScreenAlignment.h">
      <Filter>Header Files\SpecialTypes\UI</Filter>
    </ClInclude>
    <ClInclude Include="UIObject.h">
      <Filter>Header Files\Utility\GameObject</Filter>
    </ClInclude>
    <ClInclude Include="Window.h">
      <Filter>Header Files\Graphics</Filter>
    </ClInclude>
    <ClInclude Include="Button.h">
      <Filter>Header Files\Componets\Buttons</Filter>
    </ClInclude>
    <ClInclude Include="StartButton.h">
      <Filter>Header Files\Componets\Buttons</Filter>
    </ClInclude>
    <ClInclude Include="QuitButton.h">
      <Filter>Header Files\Componets\Buttons</Filter>
    </ClInclude>
  </ItemGroup>
</Project>